// !$*UTF8*$!
{
	archiveVersion = 1;
	classes = {
	};
	objectVersion = 56;
	objects = {

/* Begin PBXBuildFile section */
		BF4F17552B392C50004894B1 /* MeetingHeaderView.swift in Sources */ = {isa = PBXBuildFile; fileRef = BF4F17542B392C50004894B1 /* MeetingHeaderView.swift */; };
		BF4F17582B392F49004894B1 /* ScrumProgressViewStyle.swift in Sources */ = {isa = PBXBuildFile; fileRef = BF4F17572B392F49004894B1 /* ScrumProgressViewStyle.swift */; };
		BF4F175A2B39309B004894B1 /* ScrumTimer.swift in Sources */ = {isa = PBXBuildFile; fileRef = BF4F17592B39309B004894B1 /* ScrumTimer.swift */; };
		BF4F175C2B393454004894B1 /* MeetingFooterView.swift in Sources */ = {isa = PBXBuildFile; fileRef = BF4F175B2B393454004894B1 /* MeetingFooterView.swift */; };
		BF4F175E2B393800004894B1 /* AVPlayer+Ding.swift in Sources */ = {isa = PBXBuildFile; fileRef = BF4F175D2B393800004894B1 /* AVPlayer+Ding.swift */; };
		BF4F17632B393B91004894B1 /* ding.wav in Resources */ = {isa = PBXBuildFile; fileRef = BF4F17622B393B91004894B1 /* ding.wav */; };
		BF4F17652B394E7F004894B1 /* NewScrumSheet.swift in Sources */ = {isa = PBXBuildFile; fileRef = BF4F17642B394E7F004894B1 /* NewScrumSheet.swift */; };
		BF4F17672B39517F004894B1 /* History.swift in Sources */ = {isa = PBXBuildFile; fileRef = BF4F17662B39517F004894B1 /* History.swift */; };
		BFDE2AEB2B35358400AF177F /* ScrumdingerApp.swift in Sources */ = {isa = PBXBuildFile; fileRef = BFDE2AEA2B35358400AF177F /* ScrumdingerApp.swift */; };
		BFDE2AED2B35358400AF177F /* MeetingView.swift in Sources */ = {isa = PBXBuildFile; fileRef = BFDE2AEC2B35358400AF177F /* MeetingView.swift */; };
		BFDE2AEF2B35358500AF177F /* Assets.xcassets in Resources */ = {isa = PBXBuildFile; fileRef = BFDE2AEE2B35358500AF177F /* Assets.xcassets */; };
		BFDE2AF22B35358500AF177F /* Preview Assets.xcassets in Resources */ = {isa = PBXBuildFile; fileRef = BFDE2AF12B35358500AF177F /* Preview Assets.xcassets */; };
		BFDE2AFA2B35404C00AF177F /* Theme.swift in Sources */ = {isa = PBXBuildFile; fileRef = BFDE2AF92B35404C00AF177F /* Theme.swift */; };
		BFDE2AFC2B3543F600AF177F /* DailyScrum.swift in Sources */ = {isa = PBXBuildFile; fileRef = BFDE2AFB2B3543F600AF177F /* DailyScrum.swift */; };
		BFDE2AFE2B3544A200AF177F /* CardView.swift in Sources */ = {isa = PBXBuildFile; fileRef = BFDE2AFD2B3544A200AF177F /* CardView.swift */; };
		BFDE2B002B35498600AF177F /* TrailingIconLabelStyle.swift in Sources */ = {isa = PBXBuildFile; fileRef = BFDE2AFF2B35498600AF177F /* TrailingIconLabelStyle.swift */; };
		BFDE2B022B3558F700AF177F /* ScrumsView.swift in Sources */ = {isa = PBXBuildFile; fileRef = BFDE2B012B3558F700AF177F /* ScrumsView.swift */; };
		BFDE2B042B355DC600AF177F /* DetailView.swift in Sources */ = {isa = PBXBuildFile; fileRef = BFDE2B032B355DC600AF177F /* DetailView.swift */; };
		BFFA44C02B37FD4A0063E0AB /* DetailEditView.swift in Sources */ = {isa = PBXBuildFile; fileRef = BFFA44BF2B37FD4A0063E0AB /* DetailEditView.swift */; };
		BFFA44C22B380CAD0063E0AB /* ThemeView.swift in Sources */ = {isa = PBXBuildFile; fileRef = BFFA44C12B380CAD0063E0AB /* ThemeView.swift */; };
		BFFA44C42B380E200063E0AB /* ThemePicker.swift in Sources */ = {isa = PBXBuildFile; fileRef = BFFA44C32B380E200063E0AB /* ThemePicker.swift */; };
/* End PBXBuildFile section */

/* Begin PBXFileReference section */
		BF4F17542B392C50004894B1 /* MeetingHeaderView.swift */ = {isa = PBXFileReference; lastKnownFileType = sourcecode.swift; path = MeetingHeaderView.swift; sourceTree = "<group>"; };
		BF4F17572B392F49004894B1 /* ScrumProgressViewStyle.swift */ = {isa = PBXFileReference; fileEncoding = 4; lastKnownFileType = sourcecode.swift; path = ScrumProgressViewStyle.swift; sourceTree = "<group>"; };
		BF4F17592B39309B004894B1 /* ScrumTimer.swift */ = {isa = PBXFileReference; fileEncoding = 4; lastKnownFileType = sourcecode.swift; path = ScrumTimer.swift; sourceTree = "<group>"; };
		BF4F175B2B393454004894B1 /* MeetingFooterView.swift */ = {isa = PBXFileReference; lastKnownFileType = sourcecode.swift; path = MeetingFooterView.swift; sourceTree = "<group>"; };
		BF4F175D2B393800004894B1 /* AVPlayer+Ding.swift */ = {isa = PBXFileReference; fileEncoding = 4; lastKnownFileType = sourcecode.swift; path = "AVPlayer+Ding.swift"; sourceTree = "<group>"; };
		BF4F17622B393B91004894B1 /* ding.wav */ = {isa = PBXFileReference; lastKnownFileType = audio.wav; path = ding.wav; sourceTree = "<group>"; };
		BF4F17642B394E7F004894B1 /* NewScrumSheet.swift */ = {isa = PBXFileReference; lastKnownFileType = sourcecode.swift; path = NewScrumSheet.swift; sourceTree = "<group>"; };
		BF4F17662B39517F004894B1 /* History.swift */ = {isa = PBXFileReference; lastKnownFileType = sourcecode.swift; path = History.swift; sourceTree = "<group>"; };
		BFDE2AE72B35358400AF177F /* Scrumdinger.app */ = {isa = PBXFileReference; explicitFileType = wrapper.application; includeInIndex = 0; path = Scrumdinger.app; sourceTree = BUILT_PRODUCTS_DIR; };
		BFDE2AEA2B35358400AF177F /* ScrumdingerApp.swift */ = {isa = PBXFileReference; lastKnownFileType = sourcecode.swift; path = ScrumdingerApp.swift; sourceTree = "<group>"; };
		BFDE2AEC2B35358400AF177F /* MeetingView.swift */ = {isa = PBXFileReference; lastKnownFileType = sourcecode.swift; path = MeetingView.swift; sourceTree = "<group>"; };
		BFDE2AEE2B35358500AF177F /* Assets.xcassets */ = {isa = PBXFileReference; lastKnownFileType = folder.assetcatalog; path = Assets.xcassets; sourceTree = "<group>"; };
		BFDE2AF12B35358500AF177F /* Preview Assets.xcassets */ = {isa = PBXFileReference; lastKnownFileType = folder.assetcatalog; path = "Preview Assets.xcassets"; sourceTree = "<group>"; };
		BFDE2AF92B35404C00AF177F /* Theme.swift */ = {isa = PBXFileReference; lastKnownFileType = sourcecode.swift; path = Theme.swift; sourceTree = "<group>"; };
		BFDE2AFB2B3543F600AF177F /* DailyScrum.swift */ = {isa = PBXFileReference; lastKnownFileType = sourcecode.swift; path = DailyScrum.swift; sourceTree = "<group>"; };
		BFDE2AFD2B3544A200AF177F /* CardView.swift */ = {isa = PBXFileReference; lastKnownFileType = sourcecode.swift; path = CardView.swift; sourceTree = "<group>"; };
		BFDE2AFF2B35498600AF177F /* TrailingIconLabelStyle.swift */ = {isa = PBXFileReference; lastKnownFileType = sourcecode.swift; path = TrailingIconLabelStyle.swift; sourceTree = "<group>"; };
		BFDE2B012B3558F700AF177F /* ScrumsView.swift */ = {isa = PBXFileReference; lastKnownFileType = sourcecode.swift; path = ScrumsView.swift; sourceTree = "<group>"; };
		BFDE2B032B355DC600AF177F /* DetailView.swift */ = {isa = PBXFileReference; lastKnownFileType = sourcecode.swift; path = DetailView.swift; sourceTree = "<group>"; };
		BFFA44BF2B37FD4A0063E0AB /* DetailEditView.swift */ = {isa = PBXFileReference; lastKnownFileType = sourcecode.swift; path = DetailEditView.swift; sourceTree = "<group>"; };
		BFFA44C12B380CAD0063E0AB /* ThemeView.swift */ = {isa = PBXFileReference; lastKnownFileType = sourcecode.swift; path = ThemeView.swift; sourceTree = "<group>"; };
		BFFA44C32B380E200063E0AB /* ThemePicker.swift */ = {isa = PBXFileReference; lastKnownFileType = sourcecode.swift; path = ThemePicker.swift; sourceTree = "<group>"; };
/* End PBXFileReference section */

/* Begin PBXFrameworksBuildPhase section */
		BFDE2AE42B35358400AF177F /* Frameworks */ = {
			isa = PBXFrameworksBuildPhase;
			buildActionMask = 2147483647;
			files = (
			);
			runOnlyForDeploymentPostprocessing = 0;
		};
/* End PBXFrameworksBuildPhase section */

/* Begin PBXGroup section */
		BF4F17562B392F21004894B1 /* Views */ = {
			isa = PBXGroup;
			children = (
				BFDE2AEC2B35358400AF177F /* MeetingView.swift */,
				BF4F17542B392C50004894B1 /* MeetingHeaderView.swift */,
				BF4F175B2B393454004894B1 /* MeetingFooterView.swift */,
				BFDE2AFD2B3544A200AF177F /* CardView.swift */,
				BFDE2B012B3558F700AF177F /* ScrumsView.swift */,
				BFDE2B032B355DC600AF177F /* DetailView.swift */,
				BFFA44BF2B37FD4A0063E0AB /* DetailEditView.swift */,
				BFFA44C12B380CAD0063E0AB /* ThemeView.swift */,
				BFFA44C32B380E200063E0AB /* ThemePicker.swift */,
				BF4F17572B392F49004894B1 /* ScrumProgressViewStyle.swift */,
				BF4F17642B394E7F004894B1 /* NewScrumSheet.swift */,
			);
			path = Views;
			sourceTree = "<group>";
		};
		BFDE2ADE2B35358400AF177F = {
			isa = PBXGroup;
			children = (
				BFDE2AE92B35358400AF177F /* Scrumdinger */,
				BFDE2AE82B35358400AF177F /* Products */,
			);
			sourceTree = "<group>";
		};
		BFDE2AE82B35358400AF177F /* Products */ = {
			isa = PBXGroup;
			children = (
				BFDE2AE72B35358400AF177F /* Scrumdinger.app */,
			);
			name = Products;
			sourceTree = "<group>";
		};
		BFDE2AE92B35358400AF177F /* Scrumdinger */ = {
			isa = PBXGroup;
			children = (
				BF4F17622B393B91004894B1 /* ding.wav */,
				BFDE2AF82B35403800AF177F /* Models */,
				BFDE2AEA2B35358400AF177F /* ScrumdingerApp.swift */,
				BF4F17562B392F21004894B1 /* Views */,
				BFDE2AEE2B35358500AF177F /* Assets.xcassets */,
				BFDE2AF02B35358500AF177F /* Preview Content */,
			);
			path = Scrumdinger;
			sourceTree = "<group>";
		};
		BFDE2AF02B35358500AF177F /* Preview Content */ = {
			isa = PBXGroup;
			children = (
				BFDE2AF12B35358500AF177F /* Preview Assets.xcassets */,
			);
			path = "Preview Content";
			sourceTree = "<group>";
		};
		BFDE2AF82B35403800AF177F /* Models */ = {
			isa = PBXGroup;
			children = (
				BFDE2AF92B35404C00AF177F /* Theme.swift */,
				BFDE2AFB2B3543F600AF177F /* DailyScrum.swift */,
				BFDE2AFF2B35498600AF177F /* TrailingIconLabelStyle.swift */,
				BF4F17592B39309B004894B1 /* ScrumTimer.swift */,
				BF4F175D2B393800004894B1 /* AVPlayer+Ding.swift */,
				BF4F17662B39517F004894B1 /* History.swift */,
			);
			path = Models;
			sourceTree = "<group>";
		};
/* End PBXGroup section */

/* Begin PBXNativeTarget section */
		BFDE2AE62B35358400AF177F /* Scrumdinger */ = {
			isa = PBXNativeTarget;
			buildConfigurationList = BFDE2AF52B35358500AF177F /* Build configuration list for PBXNativeTarget "Scrumdinger" */;
			buildPhases = (
				BFDE2AE32B35358400AF177F /* Sources */,
				BFDE2AE42B35358400AF177F /* Frameworks */,
				BFDE2AE52B35358400AF177F /* Resources */,
			);
			buildRules = (
			);
			dependencies = (
			);
			name = Scrumdinger;
			productName = Scrumdinger;
			productReference = BFDE2AE72B35358400AF177F /* Scrumdinger.app */;
			productType = "com.apple.product-type.application";
		};
/* End PBXNativeTarget section */

/* Begin PBXProject section */
		BFDE2ADF2B35358400AF177F /* Project object */ = {
			isa = PBXProject;
			attributes = {
				BuildIndependentTargetsInParallel = 1;
				LastSwiftUpdateCheck = 1510;
				LastUpgradeCheck = 1510;
				TargetAttributes = {
					BFDE2AE62B35358400AF177F = {
						CreatedOnToolsVersion = 15.1;
					};
				};
			};
			buildConfigurationList = BFDE2AE22B35358400AF177F /* Build configuration list for PBXProject "Scrumdinger" */;
			compatibilityVersion = "Xcode 14.0";
			developmentRegion = en;
			hasScannedForEncodings = 0;
			knownRegions = (
				en,
				Base,
			);
			mainGroup = BFDE2ADE2B35358400AF177F;
			productRefGroup = BFDE2AE82B35358400AF177F /* Products */;
			projectDirPath = "";
			projectRoot = "";
			targets = (
				BFDE2AE62B35358400AF177F /* Scrumdinger */,
			);
		};
/* End PBXProject section */

/* Begin PBXResourcesBuildPhase section */
		BFDE2AE52B35358400AF177F /* Resources */ = {
			isa = PBXResourcesBuildPhase;
			buildActionMask = 2147483647;
			files = (
				BF4F17632B393B91004894B1 /* ding.wav in Resources */,
				BFDE2AF22B35358500AF177F /* Preview Assets.xcassets in Resources */,
				BFDE2AEF2B35358500AF177F /* Assets.xcassets in Resources */,
			);
			runOnlyForDeploymentPostprocessing = 0;
		};
/* End PBXResourcesBuildPhase section */

/* Begin PBXSourcesBuildPhase section */
		BFDE2AE32B35358400AF177F /* Sources */ = {
			isa = PBXSourcesBuildPhase;
			buildActionMask = 2147483647;
			files = (
				BF4F17672B39517F004894B1 /* History.swift in Sources */,
				BFFA44C42B380E200063E0AB /* ThemePicker.swift in Sources */,
				BF4F17582B392F49004894B1 /* ScrumProgressViewStyle.swift in Sources */,
				BF4F175C2B393454004894B1 /* MeetingFooterView.swift in Sources */,
				BF4F175A2B39309B004894B1 /* ScrumTimer.swift in Sources */,
				BFDE2AFC2B3543F600AF177F /* DailyScrum.swift in Sources */,
				BFDE2B042B355DC600AF177F /* DetailView.swift in Sources */,
				BF4F17552B392C50004894B1 /* MeetingHeaderView.swift in Sources */,
				BFFA44C02B37FD4A0063E0AB /* DetailEditView.swift in Sources */,
				BF4F17652B394E7F004894B1 /* NewScrumSheet.swift in Sources */,
				BFDE2B002B35498600AF177F /* TrailingIconLabelStyle.swift in Sources */,
				BFDE2AFA2B35404C00AF177F /* Theme.swift in Sources */,
				BFDE2B022B3558F700AF177F /* ScrumsView.swift in Sources */,
				BFDE2AED2B35358400AF177F /* MeetingView.swift in Sources */,
				BFDE2AEB2B35358400AF177F /* ScrumdingerApp.swift in Sources */,
				BFFA44C22B380CAD0063E0AB /* ThemeView.swift in Sources */,
				BFDE2AFE2B3544A200AF177F /* CardView.swift in Sources */,
				BF4F175E2B393800004894B1 /* AVPlayer+Ding.swift in Sources */,
			);
			runOnlyForDeploymentPostprocessing = 0;
		};
/* End PBXSourcesBuildPhase section */

/* Begin XCBuildConfiguration section */
		BFDE2AF32B35358500AF177F /* Debug */ = {
			isa = XCBuildConfiguration;
			buildSettings = {
				ALWAYS_SEARCH_USER_PATHS = NO;
				ASSETCATALOG_COMPILER_GENERATE_SWIFT_ASSET_SYMBOL_EXTENSIONS = YES;
				CLANG_ANALYZER_NONNULL = YES;
				CLANG_ANALYZER_NUMBER_OBJECT_CONVERSION = YES_AGGRESSIVE;
				CLANG_CXX_LANGUAGE_STANDARD = "gnu++20";
				CLANG_ENABLE_MODULES = YES;
				CLANG_ENABLE_OBJC_ARC = YES;
				CLANG_ENABLE_OBJC_WEAK = YES;
				CLANG_WARN_BLOCK_CAPTURE_AUTORELEASING = YES;
				CLANG_WARN_BOOL_CONVERSION = YES;
				CLANG_WARN_COMMA = YES;
				CLANG_WARN_CONSTANT_CONVERSION = YES;
				CLANG_WARN_DEPRECATED_OBJC_IMPLEMENTATIONS = YES;
				CLANG_WARN_DIRECT_OBJC_ISA_USAGE = YES_ERROR;
				CLANG_WARN_DOCUMENTATION_COMMENTS = YES;
				CLANG_WARN_EMPTY_BODY = YES;
				CLANG_WARN_ENUM_CONVERSION = YES;
				CLANG_WARN_INFINITE_RECURSION = YES;
				CLANG_WARN_INT_CONVERSION = YES;
				CLANG_WARN_NON_LITERAL_NULL_CONVERSION = YES;
				CLANG_WARN_OBJC_IMPLICIT_RETAIN_SELF = YES;
				CLANG_WARN_OBJC_LITERAL_CONVERSION = YES;
				CLANG_WARN_OBJC_ROOT_CLASS = YES_ERROR;
				CLANG_WARN_QUOTED_INCLUDE_IN_FRAMEWORK_HEADER = YES;
				CLANG_WARN_RANGE_LOOP_ANALYSIS = YES;
				CLANG_WARN_STRICT_PROTOTYPES = YES;
				CLANG_WARN_SUSPICIOUS_MOVE = YES;
				CLANG_WARN_UNGUARDED_AVAILABILITY = YES_AGGRESSIVE;
				CLANG_WARN_UNREACHABLE_CODE = YES;
				CLANG_WARN__DUPLICATE_METHOD_MATCH = YES;
				COPY_PHASE_STRIP = NO;
				DEBUG_INFORMATION_FORMAT = dwarf;
				ENABLE_STRICT_OBJC_MSGSEND = YES;
				ENABLE_TESTABILITY = YES;
				ENABLE_USER_SCRIPT_SANDBOXING = YES;
				GCC_C_LANGUAGE_STANDARD = gnu17;
				GCC_DYNAMIC_NO_PIC = NO;
				GCC_NO_COMMON_BLOCKS = YES;
				GCC_OPTIMIZATION_LEVEL = 0;
				GCC_PREPROCESSOR_DEFINITIONS = (
					"DEBUG=1",
					"$(inherited)",
				);
				GCC_WARN_64_TO_32_BIT_CONVERSION = YES;
				GCC_WARN_ABOUT_RETURN_TYPE = YES_ERROR;
				GCC_WARN_UNDECLARED_SELECTOR = YES;
				GCC_WARN_UNINITIALIZED_AUTOS = YES_AGGRESSIVE;
				GCC_WARN_UNUSED_FUNCTION = YES;
				GCC_WARN_UNUSED_VARIABLE = YES;
				IPHONEOS_DEPLOYMENT_TARGET = 17.2;
				LOCALIZATION_PREFERS_STRING_CATALOGS = YES;
				MTL_ENABLE_DEBUG_INFO = INCLUDE_SOURCE;
				MTL_FAST_MATH = YES;
				ONLY_ACTIVE_ARCH = YES;
				SDKROOT = iphoneos;
				SWIFT_ACTIVE_COMPILATION_CONDITIONS = "DEBUG $(inherited)";
				SWIFT_OPTIMIZATION_LEVEL = "-Onone";
			};
			name = Debug;
		};
		BFDE2AF42B35358500AF177F /* Release */ = {
			isa = XCBuildConfiguration;
			buildSettings = {
				ALWAYS_SEARCH_USER_PATHS = NO;
				ASSETCATALOG_COMPILER_GENERATE_SWIFT_ASSET_SYMBOL_EXTENSIONS = YES;
				CLANG_ANALYZER_NONNULL = YES;
				CLANG_ANALYZER_NUMBER_OBJECT_CONVERSION = YES_AGGRESSIVE;
				CLANG_CXX_LANGUAGE_STANDARD = "gnu++20";
				CLANG_ENABLE_MODULES = YES;
				CLANG_ENABLE_OBJC_ARC = YES;
				CLANG_ENABLE_OBJC_WEAK = YES;
				CLANG_WARN_BLOCK_CAPTURE_AUTORELEASING = YES;
				CLANG_WARN_BOOL_CONVERSION = YES;
				CLANG_WARN_COMMA = YES;
				CLANG_WARN_CONSTANT_CONVERSION = YES;
				CLANG_WARN_DEPRECATED_OBJC_IMPLEMENTATIONS = YES;
				CLANG_WARN_DIRECT_OBJC_ISA_USAGE = YES_ERROR;
				CLANG_WARN_DOCUMENTATION_COMMENTS = YES;
				CLANG_WARN_EMPTY_BODY = YES;
				CLANG_WARN_ENUM_CONVERSION = YES;
				CLANG_WARN_INFINITE_RECURSION = YES;
				CLANG_WARN_INT_CONVERSION = YES;
				CLANG_WARN_NON_LITERAL_NULL_CONVERSION = YES;
				CLANG_WARN_OBJC_IMPLICIT_RETAIN_SELF = YES;
				CLANG_WARN_OBJC_LITERAL_CONVERSION = YES;
				CLANG_WARN_OBJC_ROOT_CLASS = YES_ERROR;
				CLANG_WARN_QUOTED_INCLUDE_IN_FRAMEWORK_HEADER = YES;
				CLANG_WARN_RANGE_LOOP_ANALYSIS = YES;
				CLANG_WARN_STRICT_PROTOTYPES = YES;
				CLANG_WARN_SUSPICIOUS_MOVE = YES;
				CLANG_WARN_UNGUARDED_AVAILABILITY = YES_AGGRESSIVE;
				CLANG_WARN_UNREACHABLE_CODE = YES;
				CLANG_WARN__DUPLICATE_METHOD_MATCH = YES;
				COPY_PHASE_STRIP = NO;
				DEBUG_INFORMATION_FORMAT = "dwarf-with-dsym";
				ENABLE_NS_ASSERTIONS = NO;
				ENABLE_STRICT_OBJC_MSGSEND = YES;
				ENABLE_USER_SCRIPT_SANDBOXING = YES;
				GCC_C_LANGUAGE_STANDARD = gnu17;
				GCC_NO_COMMON_BLOCKS = YES;
				GCC_WARN_64_TO_32_BIT_CONVERSION = YES;
				GCC_WARN_ABOUT_RETURN_TYPE = YES_ERROR;
				GCC_WARN_UNDECLARED_SELECTOR = YES;
				GCC_WARN_UNINITIALIZED_AUTOS = YES_AGGRESSIVE;
				GCC_WARN_UNUSED_FUNCTION = YES;
				GCC_WARN_UNUSED_VARIABLE = YES;
				IPHONEOS_DEPLOYMENT_TARGET = 17.2;
				LOCALIZATION_PREFERS_STRING_CATALOGS = YES;
				MTL_ENABLE_DEBUG_INFO = NO;
				MTL_FAST_MATH = YES;
				SDKROOT = iphoneos;
				SWIFT_COMPILATION_MODE = wholemodule;
				VALIDATE_PRODUCT = YES;
			};
			name = Release;
		};
		BFDE2AF62B35358500AF177F /* Debug */ = {
			isa = XCBuildConfiguration;
			buildSettings = {
				ASSETCATALOG_COMPILER_APPICON_NAME = AppIcon;
				ASSETCATALOG_COMPILER_GLOBAL_ACCENT_COLOR_NAME = AccentColor;
				CODE_SIGN_STYLE = Automatic;
				CURRENT_PROJECT_VERSION = 1;
				DEVELOPMENT_ASSET_PATHS = "\"Scrumdinger/Preview Content\"";
				DEVELOPMENT_TEAM = T9MD4URZFH;
				ENABLE_PREVIEWS = YES;
				GENERATE_INFOPLIST_FILE = YES;
				INFOPLIST_KEY_UIApplicationSceneManifest_Generation = YES;
				INFOPLIST_KEY_UIApplicationSupportsIndirectInputEvents = YES;
				INFOPLIST_KEY_UILaunchScreen_Generation = YES;
				INFOPLIST_KEY_UISupportedInterfaceOrientations_iPad = "UIInterfaceOrientationPortrait UIInterfaceOrientationPortraitUpsideDown UIInterfaceOrientationLandscapeLeft UIInterfaceOrientationLandscapeRight";
				INFOPLIST_KEY_UISupportedInterfaceOrientations_iPhone = "UIInterfaceOrientationPortrait UIInterfaceOrientationLandscapeLeft UIInterfaceOrientationLandscapeRight";
				LD_RUNPATH_SEARCH_PATHS = (
					"$(inherited)",
					"@executable_path/Frameworks",
				);
				MARKETING_VERSION = 1.0;
				PRODUCT_BUNDLE_IDENTIFIER = com.superkookai.Scrumdinger;
				PRODUCT_NAME = "$(TARGET_NAME)";
				SWIFT_EMIT_LOC_STRINGS = YES;
				SWIFT_VERSION = 5.0;
				TARGETED_DEVICE_FAMILY = "1,2";
			};
			name = Debug;
		};
		BFDE2AF72B35358500AF177F /* Release */ = {
			isa = XCBuildConfiguration;
			buildSettings = {
				ASSETCATALOG_COMPILER_APPICON_NAME = AppIcon;
				ASSETCATALOG_COMPILER_GLOBAL_ACCENT_COLOR_NAME = AccentColor;
				CODE_SIGN_STYLE = Automatic;
				CURRENT_PROJECT_VERSION = 1;
				DEVELOPMENT_ASSET_PATHS = "\"Scrumdinger/Preview Content\"";
				DEVELOPMENT_TEAM = T9MD4URZFH;
				ENABLE_PREVIEWS = YES;
				GENERATE_INFOPLIST_FILE = YES;
				INFOPLIST_KEY_UIApplicationSceneManifest_Generation = YES;
				INFOPLIST_KEY_UIApplicationSupportsIndirectInputEvents = YES;
				INFOPLIST_KEY_UILaunchScreen_Generation = YES;
				INFOPLIST_KEY_UISupportedInterfaceOrientations_iPad = "UIInterfaceOrientationPortrait UIInterfaceOrientationPortraitUpsideDown UIInterfaceOrientationLandscapeLeft UIInterfaceOrientationLandscapeRight";
				INFOPLIST_KEY_UISupportedInterfaceOrientations_iPhone = "UIInterfaceOrientationPortrait UIInterfaceOrientationLandscapeLeft UIInterfaceOrientationLandscapeRight";
				LD_RUNPATH_SEARCH_PATHS = (
					"$(inherited)",
					"@executable_path/Frameworks",
				);
				MARKETING_VERSION = 1.0;
				PRODUCT_BUNDLE_IDENTIFIER = com.superkookai.Scrumdinger;
				PRODUCT_NAME = "$(TARGET_NAME)";
				SWIFT_EMIT_LOC_STRINGS = YES;
				SWIFT_VERSION = 5.0;
				TARGETED_DEVICE_FAMILY = "1,2";
			};
			name = Release;
		};
/* End XCBuildConfiguration section */

/* Begin XCConfigurationList section */
		BFDE2AE22B35358400AF177F /* Build configuration list for PBXProject "Scrumdinger" */ = {
			isa = XCConfigurationList;
			buildConfigurations = (
				BFDE2AF32B35358500AF177F /* Debug */,
				BFDE2AF42B35358500AF177F /* Release */,
			);
			defaultConfigurationIsVisible = 0;
			defaultConfigurationName = Release;
		};
		BFDE2AF52B35358500AF177F /* Build configuration list for PBXNativeTarget "Scrumdinger" */ = {
			isa = XCConfigurationList;
			buildConfigurations = (
				BFDE2AF62B35358500AF177F /* Debug */,
				BFDE2AF72B35358500AF177F /* Release */,
			);
			defaultConfigurationIsVisible = 0;
			defaultConfigurationName = Release;
		};
/* End XCConfigurationList section */
	};
	rootObject = BFDE2ADF2B35358400AF177F /* Project object */;
}
